
Microsoft Visual Studio Solution File, Format Version 12.00
# Visual Studio Version 16
VisualStudioVersion = 16.0.33927.289
MinimumVisualStudioVersion = 10.0.40219.1
Project("{8BC9CEB8-8B4A-11D0-8D11-00A0C91BC942}") = "IP21", "IP21\IP21.vcxproj", "{CC9DD9EC-AB0A-4642-8056-DBB21BCF45FF}"
EndProject
Project("{8BC9CEB8-8B4A-11D0-8D11-00A0C91BC942}") = "IP21 (2)", "IP21 (2)\IP21 (2).vcxproj", "{7C6E9350-ED89-478C-9815-2A275D48D99C}"
EndProject
Global
	GlobalSection(SolutionConfigurationPlatforms) = preSolution
		Debug|x64 = Debug|x64
		Debug|x86 = Debug|x86
		Release|x64 = Release|x64
		Release|x86 = Release|x86
	EndGlobalSection
	GlobalSection(ProjectConfigurationPlatforms) = postSolution
		{CC9DD9EC-AB0A-4642-8056-DBB21BCF45FF}.Debug|x64.ActiveCfg = Debug|x64
		{CC9DD9EC-AB0A-4642-8056-DBB21BCF45FF}.Debug|x64.Build.0 = Debug|x64
		{CC9DD9EC-AB0A-4642-8056-DBB21BCF45FF}.Debug|x86.ActiveCfg = Debug|Win32
		{CC9DD9EC-AB0A-4642-8056-DBB21BCF45FF}.Debug|x86.Build.0 = Debug|Win32
		{CC9DD9EC-AB0A-4642-8056-DBB21BCF45FF}.Release|x64.ActiveCfg = Release|x64
		{CC9DD9EC-AB0A-4642-8056-DBB21BCF45FF}.Release|x64.Build.0 = Release|x64
		{CC9DD9EC-AB0A-4642-8056-DBB21BCF45FF}.Release|x86.ActiveCfg = Release|Win32
		{CC9DD9EC-AB0A-4642-8056-DBB21BCF45FF}.Release|x86.Build.0 = Release|Win32
		{7C6E9350-ED89-478C-9815-2A275D48D99C}.Debug|x64.ActiveCfg = Debug|x64
		{7C6E9350-ED89-478C-9815-2A275D48D99C}.Debug|x64.Build.0 = Debug|x64
		{7C6E9350-ED89-478C-9815-2A275D48D99C}.Debug|x86.ActiveCfg = Debug|Win32
		{7C6E9350-ED89-478C-9815-2A275D48D99C}.Debug|x86.Build.0 = Debug|Win32
		{7C6E9350-ED89-478C-9815-2A275D48D99C}.Release|x64.ActiveCfg = Release|x64
		{7C6E9350-ED89-478C-9815-2A275D48D99C}.Release|x64.Build.0 = Release|x64
		{7C6E9350-ED89-478C-9815-2A275D48D99C}.Release|x86.ActiveCfg = Release|Win32
		{7C6E9350-ED89-478C-9815-2A275D48D99C}.Release|x86.Build.0 = Release|Win32
	EndGlobalSection
	GlobalSection(SolutionProperties) = preSolution
		HideSolutionNode = FALSE
	EndGlobalSection
	GlobalSection(ExtensibilityGlobals) = postSolution
		SolutionGuid = {60BC4715-E8CD-4097-8386-596339DFEFA9}
	EndGlobalSection
EndGlobal
